
Microsoft Visual Studio Solution File, Format Version 12.00
# Visual Studio 15
VisualStudioVersion = 15.0.28307.421
MinimumVisualStudioVersion = 10.0.40219.1
Project("{888888A0-9F3D-457C-B088-3A5042F75D52}") = "MonteCarloSimulation", "MonteCarloSimulation.pyproj", "{92FA0C29-F74C-47E2-A4C2-8FE4C4E2D42E}"
EndProject
Global
	GlobalSection(SolutionConfigurationPlatforms) = preSolution
		Debug|Any CPU = Debug|Any CPU
		Release|Any CPU = Release|Any CPU
	EndGlobalSection
	GlobalSection(ProjectConfigurationPlatforms) = postSolution
		{92FA0C29-F74C-47E2-A4C2-8FE4C4E2D42E}.Debug|Any CPU.ActiveCfg = Debug|Any CPU
		{92FA0C29-F74C-47E2-A4C2-8FE4C4E2D42E}.Release|Any CPU.ActiveCfg = Release|Any CPU
	EndGlobalSection
	GlobalSection(SolutionProperties) = preSolution
		HideSolutionNode = FALSE
	EndGlobalSection
	GlobalSection(ExtensibilityGlobals) = postSolution
		SolutionGuid = {7CAA0248-19C5-4A54-A68A-186A8EDB7D1E}
	EndGlobalSection
EndGlobal
